// !$*UTF8*$!
{
	archiveVersion = 1;
	classes = {
	};
	objectVersion = 50;
	objects = {

/* Begin PBXBuildFile section */
		C294579A232101D500862FF7 /* AppDelegate.m in Sources */ = {isa = PBXBuildFile; fileRef = C2945799232101D500862FF7 /* AppDelegate.m */; };
		C29457A0232101D500862FF7 /* Main.storyboard in Resources */ = {isa = PBXBuildFile; fileRef = C294579E232101D500862FF7 /* Main.storyboard */; };
		C29457A2232101D700862FF7 /* Assets.xcassets in Resources */ = {isa = PBXBuildFile; fileRef = C29457A1232101D700862FF7 /* Assets.xcassets */; };
		C29457A5232101D700862FF7 /* LaunchScreen.storyboard in Resources */ = {isa = PBXBuildFile; fileRef = C29457A3232101D700862FF7 /* LaunchScreen.storyboard */; };
		C29457A8232101D700862FF7 /* main.m in Sources */ = {isa = PBXBuildFile; fileRef = C29457A7232101D700862FF7 /* main.m */; };
		C29457B02321022000862FF7 /* PictureVC.m in Sources */ = {isa = PBXBuildFile; fileRef = C29457AF2321022000862FF7 /* PictureVC.m */; };
		C29457B92321022D00862FF7 /* LZYCardSwitch.m in Sources */ = {isa = PBXBuildFile; fileRef = C29457B12321022D00862FF7 /* LZYCardSwitch.m */; };
		C29457BA2321022D00862FF7 /* LZYCardSwitchFlowLayout.m in Sources */ = {isa = PBXBuildFile; fileRef = C29457B32321022D00862FF7 /* LZYCardSwitchFlowLayout.m */; };
		C29457BB2321022D00862FF7 /* LZYCardCell.m in Sources */ = {isa = PBXBuildFile; fileRef = C29457B42321022D00862FF7 /* LZYCardCell.m */; };
		C29457BC2321022D00862FF7 /* LZYCardModel.m in Sources */ = {isa = PBXBuildFile; fileRef = C29457B62321022D00862FF7 /* LZYCardModel.m */; };
		C29457BE2321024000862FF7 /* DataPropertyList.plist in Resources */ = {isa = PBXBuildFile; fileRef = C29457BD2321024000862FF7 /* DataPropertyList.plist */; };
/* End PBXBuildFile section */

/* Begin PBXFileReference section */
		C2945795232101D500862FF7 /* HorizontalSlip.app */ = {isa = PBXFileReference; explicitFileType = wrapper.application; includeInIndex = 0; path = HorizontalSlip.app; sourceTree = BUILT_PRODUCTS_DIR; };
		C2945798232101D500862FF7 /* AppDelegate.h */ = {isa = PBXFileReference; lastKnownFileType = sourcecode.c.h; path = AppDelegate.h; sourceTree = "<group>"; };
		C2945799232101D500862FF7 /* AppDelegate.m */ = {isa = PBXFileReference; lastKnownFileType = sourcecode.c.objc; path = AppDelegate.m; sourceTree = "<group>"; };
		C294579F232101D500862FF7 /* Base */ = {isa = PBXFileReference; lastKnownFileType = file.storyboard; name = Base; path = Base.lproj/Main.storyboard; sourceTree = "<group>"; };
		C29457A1232101D700862FF7 /* Assets.xcassets */ = {isa = PBXFileReference; lastKnownFileType = folder.assetcatalog; path = Assets.xcassets; sourceTree = "<group>"; };
		C29457A4232101D700862FF7 /* Base */ = {isa = PBXFileReference; lastKnownFileType = file.storyboard; name = Base; path = Base.lproj/LaunchScreen.storyboard; sourceTree = "<group>"; };
		C29457A6232101D700862FF7 /* Info.plist */ = {isa = PBXFileReference; lastKnownFileType = text.plist.xml; path = Info.plist; sourceTree = "<group>"; };
		C29457A7232101D700862FF7 /* main.m */ = {isa = PBXFileReference; lastKnownFileType = sourcecode.c.objc; path = main.m; sourceTree = "<group>"; };
		C29457AE2321022000862FF7 /* PictureVC.h */ = {isa = PBXFileReference; fileEncoding = 4; lastKnownFileType = sourcecode.c.h; path = PictureVC.h; sourceTree = "<group>"; };
		C29457AF2321022000862FF7 /* PictureVC.m */ = {isa = PBXFileReference; fileEncoding = 4; lastKnownFileType = sourcecode.c.objc; path = PictureVC.m; sourceTree = "<group>"; };
		C29457B12321022D00862FF7 /* LZYCardSwitch.m */ = {isa = PBXFileReference; fileEncoding = 4; lastKnownFileType = sourcecode.c.objc; path = LZYCardSwitch.m; sourceTree = "<group>"; };
		C29457B22321022D00862FF7 /* LZYCardSwitchFlowLayout.h */ = {isa = PBXFileReference; fileEncoding = 4; lastKnownFileType = sourcecode.c.h; path = LZYCardSwitchFlowLayout.h; sourceTree = "<group>"; };
		C29457B32321022D00862FF7 /* LZYCardSwitchFlowLayout.m */ = {isa = PBXFileReference; fileEncoding = 4; lastKnownFileType = sourcecode.c.objc; path = LZYCardSwitchFlowLayout.m; sourceTree = "<group>"; };
		C29457B42321022D00862FF7 /* LZYCardCell.m */ = {isa = PBXFileReference; fileEncoding = 4; lastKnownFileType = sourcecode.c.objc; path = LZYCardCell.m; sourceTree = "<group>"; };
		C29457B52321022D00862FF7 /* LZYCardSwitch.h */ = {isa = PBXFileReference; fileEncoding = 4; lastKnownFileType = sourcecode.c.h; path = LZYCardSwitch.h; sourceTree = "<group>"; };
		C29457B62321022D00862FF7 /* LZYCardModel.m */ = {isa = PBXFileReference; fileEncoding = 4; lastKnownFileType = sourcecode.c.objc; path = LZYCardModel.m; sourceTree = "<group>"; };
		C29457B72321022D00862FF7 /* LZYCardCell.h */ = {isa = PBXFileReference; fileEncoding = 4; lastKnownFileType = sourcecode.c.h; path = LZYCardCell.h; sourceTree = "<group>"; };
		C29457B82321022D00862FF7 /* LZYCardModel.h */ = {isa = PBXFileReference; fileEncoding = 4; lastKnownFileType = sourcecode.c.h; path = LZYCardModel.h; sourceTree = "<group>"; };
		C29457BD2321024000862FF7 /* DataPropertyList.plist */ = {isa = PBXFileReference; fileEncoding = 4; lastKnownFileType = text.plist.xml; path = DataPropertyList.plist; sourceTree = "<group>"; };
/* End PBXFileReference section */

/* Begin PBXFrameworksBuildPhase section */
		C2945792232101D500862FF7 /* Frameworks */ = {
			isa = PBXFrameworksBuildPhase;
			buildActionMask = 2147483647;
			files = (
			);
			runOnlyForDeploymentPostprocessing = 0;
		};
/* End PBXFrameworksBuildPhase section */

/* Begin PBXGroup section */
		C294578C232101D500862FF7 = {
			isa = PBXGroup;
			children = (
				C2945797232101D500862FF7 /* HorizontalSlip */,
				C2945796232101D500862FF7 /* Products */,
			);
			sourceTree = "<group>";
		};
		C2945796232101D500862FF7 /* Products */ = {
			isa = PBXGroup;
			children = (
				C2945795232101D500862FF7 /* HorizontalSlip.app */,
			);
			name = Products;
			sourceTree = "<group>";
		};
		C2945797232101D500862FF7 /* HorizontalSlip */ = {
			isa = PBXGroup;
			children = (
				C2945798232101D500862FF7 /* AppDelegate.h */,
				C2945799232101D500862FF7 /* AppDelegate.m */,
				C29457AE2321022000862FF7 /* PictureVC.h */,
				C29457AF2321022000862FF7 /* PictureVC.m */,
				C29457B72321022D00862FF7 /* LZYCardCell.h */,
				C29457B42321022D00862FF7 /* LZYCardCell.m */,
				C29457B82321022D00862FF7 /* LZYCardModel.h */,
				C29457B62321022D00862FF7 /* LZYCardModel.m */,
				C29457B52321022D00862FF7 /* LZYCardSwitch.h */,
				C29457B12321022D00862FF7 /* LZYCardSwitch.m */,
				C29457B22321022D00862FF7 /* LZYCardSwitchFlowLayout.h */,
				C29457B32321022D00862FF7 /* LZYCardSwitchFlowLayout.m */,
				C29457BD2321024000862FF7 /* DataPropertyList.plist */,
				C294579E232101D500862FF7 /* Main.storyboard */,
				C29457A1232101D700862FF7 /* Assets.xcassets */,
				C29457A3232101D700862FF7 /* LaunchScreen.storyboard */,
				C29457A6232101D700862FF7 /* Info.plist */,
				C29457A7232101D700862FF7 /* main.m */,
			);
			path = HorizontalSlip;
			sourceTree = "<group>";
		};
/* End PBXGroup section */

/* Begin PBXNativeTarget section */
		C2945794232101D500862FF7 /* HorizontalSlip */ = {
			isa = PBXNativeTarget;
			buildConfigurationList = C29457AB232101D700862FF7 /* Build configuration list for PBXNativeTarget "HorizontalSlip" */;
			buildPhases = (
				C2945791232101D500862FF7 /* Sources */,
				C2945792232101D500862FF7 /* Frameworks */,
				C2945793232101D500862FF7 /* Resources */,
			);
			buildRules = (
			);
			dependencies = (
			);
			name = HorizontalSlip;
			productName = HorizontalSlip;
			productReference = C2945795232101D500862FF7 /* HorizontalSlip.app */;
			productType = "com.apple.product-type.application";
		};
/* End PBXNativeTarget section */

/* Begin PBXProject section */
		C294578D232101D500862FF7 /* Project object */ = {
			isa = PBXProject;
			attributes = {
				LastUpgradeCheck = 1020;
				ORGANIZATIONNAME = yfmac001;
				TargetAttributes = {
					C2945794232101D500862FF7 = {
						CreatedOnToolsVersion = 10.2.1;
					};
				};
			};
			buildConfigurationList = C2945790232101D500862FF7 /* Build configuration list for PBXProject "HorizontalSlip" */;
			compatibilityVersion = "Xcode 9.3";
			developmentRegion = en;
			hasScannedForEncodings = 0;
			knownRegions = (
				en,
				Base,
			);
			mainGroup = C294578C232101D500862FF7;
			productRefGroup = C2945796232101D500862FF7 /* Products */;
			projectDirPath = "";
			projectRoot = "";
			targets = (
				C2945794232101D500862FF7 /* HorizontalSlip */,
			);
		};
/* End PBXProject section */

/* Begin PBXResourcesBuildPhase section */
		C2945793232101D500862FF7 /* Resources */ = {
			isa = PBXResourcesBuildPhase;
			buildActionMask = 2147483647;
			files = (
				C29457A5232101D700862FF7 /* LaunchScreen.storyboard in Resources */,
				C29457A2232101D700862FF7 /* Assets.xcassets in Resources */,
				C29457A0232101D500862FF7 /* Main.storyboard in Resources */,
				C29457BE2321024000862FF7 /* DataPropertyList.plist in Resources */,
			);
			runOnlyForDeploymentPostprocessing = 0;
		};
/* End PBXResourcesBuildPhase section */

/* Begin PBXSourcesBuildPhase section */
		C2945791232101D500862FF7 /* Sources */ = {
			isa = PBXSourcesBuildPhase;
			buildActionMask = 2147483647;
			files = (
				C29457A8232101D700862FF7 /* main.m in Sources */,
				C29457B92321022D00862FF7 /* LZYCardSwitch.m in Sources */,
				C29457BA2321022D00862FF7 /* LZYCardSwitchFlowLayout.m in Sources */,
				C294579A232101D500862FF7 /* AppDelegate.m in Sources */,
				C29457BC2321022D00862FF7 /* LZYCardModel.m in Sources */,
				C29457B02321022000862FF7 /* PictureVC.m in Sources */,
				C29457BB2321022D00862FF7 /* LZYCardCell.m in Sources */,
			);
			runOnlyForDeploymentPostprocessing = 0;
		};
/* End PBXSourcesBuildPhase section */

/* Begin PBXVariantGroup section */
		C294579E232101D500862FF7 /* Main.storyboard */ = {
			isa = PBXVariantGroup;
			children = (
				C294579F232101D500862FF7 /* Base */,
			);
			name = Main.storyboard;
			sourceTree = "<group>";
		};
		C29457A3232101D700862FF7 /* LaunchScreen.storyboard */ = {
			isa = PBXVariantGroup;
			children = (
				C29457A4232101D700862FF7 /* Base */,
			);
			name = LaunchScreen.storyboard;
			sourceTree = "<group>";
		};
/* End PBXVariantGroup section */

/* Begin XCBuildConfiguration section */
		C29457A9232101D700862FF7 /* Debug */ = {
			isa = XCBuildConfiguration;
			buildSettings = {
				ALWAYS_SEARCH_USER_PATHS = NO;
				CLANG_ANALYZER_NONNULL = YES;
				CLANG_ANALYZER_NUMBER_OBJECT_CONVERSION = YES_AGGRESSIVE;
				CLANG_CXX_LANGUAGE_STANDARD = "gnu++14";
				CLANG_CXX_LIBRARY = "libc++";
				CLANG_ENABLE_MODULES = YES;
				CLANG_ENABLE_OBJC_ARC = YES;
				CLANG_ENABLE_OBJC_WEAK = YES;
				CLANG_WARN_BLOCK_CAPTURE_AUTORELEASING = YES;
				CLANG_WARN_BOOL_CONVERSION = YES;
				CLANG_WARN_COMMA = YES;
				CLANG_WARN_CONSTANT_CONVERSION = YES;
				CLANG_WARN_DEPRECATED_OBJC_IMPLEMENTATIONS = YES;
				CLANG_WARN_DIRECT_OBJC_ISA_USAGE = YES_ERROR;
				CLANG_WARN_DOCUMENTATION_COMMENTS = YES;
				CLANG_WARN_EMPTY_BODY = YES;
				CLANG_WARN_ENUM_CONVERSION = YES;
				CLANG_WARN_INFINITE_RECURSION = YES;
				CLANG_WARN_INT_CONVERSION = YES;
				CLANG_WARN_NON_LITERAL_NULL_CONVERSION = YES;
				CLANG_WARN_OBJC_IMPLICIT_RETAIN_SELF = YES;
				CLANG_WARN_OBJC_LITERAL_CONVERSION = YES;
				CLANG_WARN_OBJC_ROOT_CLASS = YES_ERROR;
				CLANG_WARN_RANGE_LOOP_ANALYSIS = YES;
				CLANG_WARN_STRICT_PROTOTYPES = YES;
				CLANG_WARN_SUSPICIOUS_MOVE = YES;
				CLANG_WARN_UNGUARDED_AVAILABILITY = YES_AGGRESSIVE;
				CLANG_WARN_UNREACHABLE_CODE = YES;
				CLANG_WARN__DUPLICATE_METHOD_MATCH = YES;
				CODE_SIGN_IDENTITY = "iPhone Developer";
				COPY_PHASE_STRIP = NO;
				DEBUG_INFORMATION_FORMAT = dwarf;
				ENABLE_STRICT_OBJC_MSGSEND = YES;
				ENABLE_TESTABILITY = YES;
				GCC_C_LANGUAGE_STANDARD = gnu11;
				GCC_DYNAMIC_NO_PIC = NO;
				GCC_NO_COMMON_BLOCKS = YES;
				GCC_OPTIMIZATION_LEVEL = 0;
				GCC_PREPROCESSOR_DEFINITIONS = (
					"DEBUG=1",
					"$(inherited)",
				);
				GCC_WARN_64_TO_32_BIT_CONVERSION = YES;
				GCC_WARN_ABOUT_RETURN_TYPE = YES_ERROR;
				GCC_WARN_UNDECLARED_SELECTOR = YES;
				GCC_WARN_UNINITIALIZED_AUTOS = YES_AGGRESSIVE;
				GCC_WARN_UNUSED_FUNCTION = YES;
				GCC_WARN_UNUSED_VARIABLE = YES;
				IPHONEOS_DEPLOYMENT_TARGET = 9.0;
				MTL_ENABLE_DEBUG_INFO = INCLUDE_SOURCE;
				MTL_FAST_MATH = YES;
				ONLY_ACTIVE_ARCH = YES;
				SDKROOT = iphoneos;
			};
			name = Debug;
		};
		C29457AA232101D700862FF7 /* Release */ = {
			isa = XCBuildConfiguration;
			buildSettings = {
				ALWAYS_SEARCH_USER_PATHS = NO;
				CLANG_ANALYZER_NONNULL = YES;
				CLANG_ANALYZER_NUMBER_OBJECT_CONVERSION = YES_AGGRESSIVE;
				CLANG_CXX_LANGUAGE_STANDARD = "gnu++14";
				CLANG_CXX_LIBRARY = "libc++";
				CLANG_ENABLE_MODULES = YES;
				CLANG_ENABLE_OBJC_ARC = YES;
				CLANG_ENABLE_OBJC_WEAK = YES;
				CLANG_WARN_BLOCK_CAPTURE_AUTORELEASING = YES;
				CLANG_WARN_BOOL_CONVERSION = YES;
				CLANG_WARN_COMMA = YES;
				CLANG_WARN_CONSTANT_CONVERSION = YES;
				CLANG_WARN_DEPRECATED_OBJC_IMPLEMENTATIONS = YES;
				CLANG_WARN_DIRECT_OBJC_ISA_USAGE = YES_ERROR;
				CLANG_WARN_DOCUMENTATION_COMMENTS = YES;
				CLANG_WARN_EMPTY_BODY = YES;
				CLANG_WARN_ENUM_CONVERSION = YES;
				CLANG_WARN_INFINITE_RECURSION = YES;
				CLANG_WARN_INT_CONVERSION = YES;
				CLANG_WARN_NON_LITERAL_NULL_CONVERSION = YES;
				CLANG_WARN_OBJC_IMPLICIT_RETAIN_SELF = YES;
				CLANG_WARN_OBJC_LITERAL_CONVERSION = YES;
				CLANG_WARN_OBJC_ROOT_CLASS = YES_ERROR;
				CLANG_WARN_RANGE_LOOP_ANALYSIS = YES;
				CLANG_WARN_STRICT_PROTOTYPES = YES;
				CLANG_WARN_SUSPICIOUS_MOVE = YES;
				CLANG_WARN_UNGUARDED_AVAILABILITY = YES_AGGRESSIVE;
				CLANG_WARN_UNREACHABLE_CODE = YES;
				CLANG_WARN__DUPLICATE_METHOD_MATCH = YES;
				CODE_SIGN_IDENTITY = "iPhone Developer";
				COPY_PHASE_STRIP = NO;
				DEBUG_INFORMATION_FORMAT = "dwarf-with-dsym";
				ENABLE_NS_ASSERTIONS = NO;
				ENABLE_STRICT_OBJC_MSGSEND = YES;
				GCC_C_LANGUAGE_STANDARD = gnu11;
				GCC_NO_COMMON_BLOCKS = YES;
				GCC_WARN_64_TO_32_BIT_CONVERSION = YES;
				GCC_WARN_ABOUT_RETURN_TYPE = YES_ERROR;
				GCC_WARN_UNDECLARED_SELECTOR = YES;
				GCC_WARN_UNINITIALIZED_AUTOS = YES_AGGRESSIVE;
				GCC_WARN_UNUSED_FUNCTION = YES;
				GCC_WARN_UNUSED_VARIABLE = YES;
				IPHONEOS_DEPLOYMENT_TARGET = 9.0;
				MTL_ENABLE_DEBUG_INFO = NO;
				MTL_FAST_MATH = YES;
				SDKROOT = iphoneos;
				VALIDATE_PRODUCT = YES;
			};
			name = Release;
		};
		C29457AC232101D700862FF7 /* Debug */ = {
			isa = XCBuildConfiguration;
			buildSettings = {
				ASSETCATALOG_COMPILER_APPICON_NAME = AppIcon;
				CODE_SIGN_STYLE = Automatic;
				INFOPLIST_FILE = HorizontalSlip/Info.plist;
				LD_RUNPATH_SEARCH_PATHS = (
					"$(inherited)",
					"@executable_path/Frameworks",
				);
				PRODUCT_BUNDLE_IDENTIFIER = com.yfmac.HorizontalSlip;
				PRODUCT_NAME = "$(TARGET_NAME)";
				TARGETED_DEVICE_FAMILY = 1;
			};
			name = Debug;
		};
		C29457AD232101D700862FF7 /* Release */ = {
			isa = XCBuildConfiguration;
			buildSettings = {
				ASSETCATALOG_COMPILER_APPICON_NAME = AppIcon;
				CODE_SIGN_STYLE = Automatic;
				INFOPLIST_FILE = HorizontalSlip/Info.plist;
				LD_RUNPATH_SEARCH_PATHS = (
					"$(inherited)",
					"@executable_path/Frameworks",
				);
				PRODUCT_BUNDLE_IDENTIFIER = com.yfmac.HorizontalSlip;
				PRODUCT_NAME = "$(TARGET_NAME)";
				TARGETED_DEVICE_FAMILY = 1;
			};
			name = Release;
		};
/* End XCBuildConfiguration section */

/* Begin XCConfigurationList section */
		C2945790232101D500862FF7 /* Build configuration list for PBXProject "HorizontalSlip" */ = {
			isa = XCConfigurationList;
			buildConfigurations = (
				C29457A9232101D700862FF7 /* Debug */,
				C29457AA232101D700862FF7 /* Release */,
			);
			defaultConfigurationIsVisible = 0;
			defaultConfigurationName = Release;
		};
		C29457AB232101D700862FF7 /* Build configuration list for PBXNativeTarget "HorizontalSlip" */ = {
			isa = XCConfigurationList;
			buildConfigurations = (
				C29457AC232101D700862FF7 /* Debug */,
				C29457AD232101D700862FF7 /* Release */,
			);
			defaultConfigurationIsVisible = 0;
			defaultConfigurationName = Release;
		};
/* End XCConfigurationList section */
	};
	rootObject = C294578D232101D500862FF7 /* Project object */;
}
